
Microsoft Visual Studio Solution File, Format Version 12.00
# Visual Studio 2017
Project("{FAE04EC0-301F-11D3-BF4B-00C04F79EFBC}") = "IdentiFoods", "IdentiFoods.csproj", "{BFF2D1C8-D449-EFD8-433F-A22A54AEA86E}"
EndProject
Project("{FAE04EC0-301F-11D3-BF4B-00C04F79EFBC}") = "IdentiFoods.Editor", "IdentiFoods.Editor.csproj", "{0BDB5B87-8E28-A869-8EC7-CB2F0A4A5B3B}"
EndProject
Global
	GlobalSection(SolutionConfigurationPlatforms) = preSolution
		Debug|Any CPU = Debug|Any CPU
		Release|Any CPU = Release|Any CPU
	EndGlobalSection
	GlobalSection(ProjectConfigurationPlatforms) = postSolution
		{BFF2D1C8-D449-EFD8-433F-A22A54AEA86E}.Debug|Any CPU.ActiveCfg = Debug|Any CPU
		{BFF2D1C8-D449-EFD8-433F-A22A54AEA86E}.Debug|Any CPU.Build.0 = Debug|Any CPU
		{BFF2D1C8-D449-EFD8-433F-A22A54AEA86E}.Release|Any CPU.ActiveCfg = Release|Any CPU
		{BFF2D1C8-D449-EFD8-433F-A22A54AEA86E}.Release|Any CPU.Build.0 = Release|Any CPU
		{0BDB5B87-8E28-A869-8EC7-CB2F0A4A5B3B}.Debug|Any CPU.ActiveCfg = Debug|Any CPU
		{0BDB5B87-8E28-A869-8EC7-CB2F0A4A5B3B}.Debug|Any CPU.Build.0 = Debug|Any CPU
		{0BDB5B87-8E28-A869-8EC7-CB2F0A4A5B3B}.Release|Any CPU.ActiveCfg = Release|Any CPU
		{0BDB5B87-8E28-A869-8EC7-CB2F0A4A5B3B}.Release|Any CPU.Build.0 = Release|Any CPU
	EndGlobalSection
	GlobalSection(SolutionProperties) = preSolution
		HideSolutionNode = FALSE
	EndGlobalSection
EndGlobal
